# THIS IS AN AUTOGENERATED FILE. DO NOT EDIT THIS FILE DIRECTLY.
# yarn lockfile v1


angular@^1.6.5:
  version "1.6.5"
  resolved "https://registry.yarnpkg.com/angular/-/angular-1.6.5.tgz#37f788eebec5ce2e3fa02b17bbcb2a231576a0d6"

flexslider@^2.6.3:
  version "2.6.3"
  resolved "https://registry.yarnpkg.com/flexslider/-/flexslider-2.6.3.tgz#0545bef03af8198460c45c4947d9474e15be174e"
  dependencies:
    jquery ">=1.11.3"

jquery@>=1.11.3, jquery@^3.2.1:
  version "3.2.1"
  resolved "https://registry.yarnpkg.com/jquery/-/jquery-3.2.1.tgz#5c4d9de652af6cd0a770154a631bba12b015c787"
